
Microsoft Visual Studio Solution File, Format Version 12.00
# Visual Studio Version 16
VisualStudioVersion = 16.0.31105.61
MinimumVisualStudioVersion = 10.0.40219.1
Project("{FAE04EC0-301F-11D3-BF4B-00C04F79EFBC}") = "SimpleLoadTest", "SimpleLoadTest.csproj", "{C8C772B4-2B58-4BE7-A24B-7ED13498D6DE}"
EndProject
Global
	GlobalSection(SolutionConfigurationPlatforms) = preSolution
		Debug|Any CPU = Debug|Any CPU
		Release|Any CPU = Release|Any CPU
	EndGlobalSection
	GlobalSection(ProjectConfigurationPlatforms) = postSolution
		{C8C772B4-2B58-4BE7-A24B-7ED13498D6DE}.Debug|Any CPU.ActiveCfg = Debug|Any CPU
		{C8C772B4-2B58-4BE7-A24B-7ED13498D6DE}.Debug|Any CPU.Build.0 = Debug|Any CPU
		{C8C772B4-2B58-4BE7-A24B-7ED13498D6DE}.Release|Any CPU.ActiveCfg = Release|Any CPU
		{C8C772B4-2B58-4BE7-A24B-7ED13498D6DE}.Release|Any CPU.Build.0 = Release|Any CPU
	EndGlobalSection
	GlobalSection(SolutionProperties) = preSolution
		HideSolutionNode = FALSE
	EndGlobalSection
	GlobalSection(ExtensibilityGlobals) = postSolution
		SolutionGuid = {653D6493-0E77-4C36-A921-AD51E8AE2F0A}
	EndGlobalSection
EndGlobal
